
Microsoft Visual Studio Solution File, Format Version 12.00
# Visual Studio 15
VisualStudioVersion = 15.0.28010.2026
MinimumVisualStudioVersion = 10.0.40219.1
Project("{8BC9CEB8-8B4A-11D0-8D11-00A0C91BC942}") = "Physics II", "Physics II.vcxproj", "{7D2D2B4D-F623-4663-8479-62080C487EB0}"
EndProject
Global
	GlobalSection(SolutionConfigurationPlatforms) = preSolution
		Debug|x64 = Debug|x64
		Debug|x86 = Debug|x86
		Release|x64 = Release|x64
		Release|x86 = Release|x86
	EndGlobalSection
	GlobalSection(ProjectConfigurationPlatforms) = postSolution
		{7D2D2B4D-F623-4663-8479-62080C487EB0}.Debug|x64.ActiveCfg = Debug|x64
		{7D2D2B4D-F623-4663-8479-62080C487EB0}.Debug|x64.Build.0 = Debug|x64
		{7D2D2B4D-F623-4663-8479-62080C487EB0}.Debug|x86.ActiveCfg = Debug|Win32
		{7D2D2B4D-F623-4663-8479-62080C487EB0}.Debug|x86.Build.0 = Debug|Win32
		{7D2D2B4D-F623-4663-8479-62080C487EB0}.Release|x64.ActiveCfg = Release|x64
		{7D2D2B4D-F623-4663-8479-62080C487EB0}.Release|x64.Build.0 = Release|x64
		{7D2D2B4D-F623-4663-8479-62080C487EB0}.Release|x86.ActiveCfg = Release|Win32
		{7D2D2B4D-F623-4663-8479-62080C487EB0}.Release|x86.Build.0 = Release|Win32
	EndGlobalSection
	GlobalSection(SolutionProperties) = preSolution
		HideSolutionNode = FALSE
	EndGlobalSection
	GlobalSection(ExtensibilityGlobals) = postSolution
		SolutionGuid = {649BD2B1-7E4E-437B-A22D-59C2C209CE1F}
	EndGlobalSection
EndGlobal
